// !$*UTF8*$!
{
	archiveVersion = 1;
	classes = {
	};
	objectVersion = 56;
	objects = {

/* Begin PBXFileReference section */
		5C5AA8772E9BA5FB007B2C41 /* impressum.html */ = {isa = PBXFileReference; lastKnownFileType = text.html; path = impressum.html; sourceTree = "<group>"; };
		5C5AA8782E9BA7B6007B2C41 /* datenschutz.html */ = {isa = PBXFileReference; lastKnownFileType = text.html; path = datenschutz.html; sourceTree = "<group>"; };
		5C5AA8792E9BA972007B2C41 /* agb.html */ = {isa = PBXFileReference; lastKnownFileType = text.html; path = agb.html; sourceTree = "<group>"; };
		5C5AA87A2E9BAA8A007B2C41 /* streitschlichtung.html */ = {isa = PBXFileReference; lastKnownFileType = text.html; path = streitschlichtung.html; sourceTree = "<group>"; };
		5C5AA87B2E9BAB3F007B2C41 /* wiederruf.html */ = {isa = PBXFileReference; lastKnownFileType = text.html; path = wiederruf.html; sourceTree = "<group>"; };
		5C5AA87C2E9BAC03007B2C41 /* cookie-policy.html */ = {isa = PBXFileReference; lastKnownFileType = text.html; path = "cookie-policy.html"; sourceTree = "<group>"; };
		5C5AA87D2E9BE11A007B2C41 /* versand-bedingungen.html */ = {isa = PBXFileReference; lastKnownFileType = text.html; path = "versand-bedingungen.html"; sourceTree = "<group>"; };
		5C8C47D62E9FB2880094B409 /* account.html */ = {isa = PBXFileReference; lastKnownFileType = text.html; path = account.html; sourceTree = "<group>"; };
		9F5835702E4A218F0089ACA3 /* cart.html */ = {isa = PBXFileReference; lastKnownFileType = text.html; path = cart.html; sourceTree = "<group>"; };
		9F5835712E4A21A40089ACA3 /* checkout.html */ = {isa = PBXFileReference; lastKnownFileType = text.html; path = checkout.html; sourceTree = "<group>"; };
		9F5835722E4A6BB00089ACA3 /* danke.html */ = {isa = PBXFileReference; lastKnownFileType = text.html; path = danke.html; sourceTree = "<group>"; };
		9F5835742E4C69230089ACA3 /* cart.js */ = {isa = PBXFileReference; lastKnownFileType = sourcecode.javascript; path = cart.js; sourceTree = "<group>"; };
		9F5835752E4C794B0089ACA3 /* register.html */ = {isa = PBXFileReference; lastKnownFileType = text.html; path = register.html; sourceTree = "<group>"; };
		9F5835762E4C79730089ACA3 /* login.html */ = {isa = PBXFileReference; lastKnownFileType = text.html; path = login.html; sourceTree = "<group>"; };
		9F59E3532E4D04FA00C25AB3 /* produkt-uebersicht.html */ = {isa = PBXFileReference; lastKnownFileType = text.html; path = "produkt-uebersicht.html"; sourceTree = "<group>"; };
		9F59E3542E4D0DCD00C25AB3 /* product-future.html */ = {isa = PBXFileReference; lastKnownFileType = text.html; path = "product-future.html"; sourceTree = "<group>"; };
		9F5C2C0E2E4F1C3000A0ABEE /* Necklace.html */ = {isa = PBXFileReference; lastKnownFileType = text.html; path = Necklace.html; sourceTree = "<group>"; };
		9F6801212E48CCC2001B1067 /* Index.html */ = {isa = PBXFileReference; lastKnownFileType = text.html; path = Index.html; sourceTree = "<group>"; };
		9F6801342E4921FE001B1067 /* style.css */ = {isa = PBXFileReference; lastKnownFileType = text.css; path = style.css; sourceTree = "<group>"; };
		9F6801352E4922F3001B1067 /* about.html */ = {isa = PBXFileReference; lastKnownFileType = text.html; path = about.html; sourceTree = "<group>"; };
		9F6801362E4922F8001B1067 /* admin.html */ = {isa = PBXFileReference; lastKnownFileType = text.html; path = admin.html; sourceTree = "<group>"; };
		9F6801372E492302001B1067 /* contact.html */ = {isa = PBXFileReference; lastKnownFileType = text.html; path = contact.html; sourceTree = "<group>"; };
		9F6801382E492308001B1067 /* Product.html */ = {isa = PBXFileReference; lastKnownFileType = text.html; path = Product.html; sourceTree = "<group>"; };
		9F6801392E492316001B1067 /* Js.product.js */ = {isa = PBXFileReference; lastKnownFileType = sourcecode.javascript; path = Js.product.js; sourceTree = "<group>"; };
		9F68013A2E49231B001B1067 /* Js:admin.js */ = {isa = PBXFileReference; lastKnownFileType = sourcecode.javascript; path = "Js:admin.js"; sourceTree = "<group>"; };
		9F68013B2E49231F001B1067 /* Js:script.js */ = {isa = PBXFileReference; lastKnownFileType = sourcecode.javascript; path = "Js:script.js"; sourceTree = "<group>"; };
		9F68013C2E49E921001B1067 /* images */ = {isa = PBXFileReference; lastKnownFileType = folder; path = images; sourceTree = "<group>"; };
		9FA58FAF2E4DB80A00CECC01 /* videos */ = {isa = PBXFileReference; lastKnownFileType = folder; path = videos; sourceTree = "<group>"; };
/* End PBXFileReference section */

/* Begin PBXGroup section */
		9F68011A2E48CC47001B1067 = {
			isa = PBXGroup;
			children = (
				9F6801212E48CCC2001B1067 /* Index.html */,
				9F6801342E4921FE001B1067 /* style.css */,
				9F6801352E4922F3001B1067 /* about.html */,
				5C5AA8772E9BA5FB007B2C41 /* impressum.html */,
				5C5AA87D2E9BE11A007B2C41 /* versand-bedingungen.html */,
				5C5AA8782E9BA7B6007B2C41 /* datenschutz.html */,
				5C5AA8792E9BA972007B2C41 /* agb.html */,
				5C5AA87A2E9BAA8A007B2C41 /* streitschlichtung.html */,
				5C5AA87B2E9BAB3F007B2C41 /* wiederruf.html */,
				5C5AA87C2E9BAC03007B2C41 /* cookie-policy.html */,
				9F6801362E4922F8001B1067 /* admin.html */,
				9F6801372E492302001B1067 /* contact.html */,
				9F5C2C0E2E4F1C3000A0ABEE /* Necklace.html */,
				9F59E3532E4D04FA00C25AB3 /* produkt-uebersicht.html */,
				9F59E3542E4D0DCD00C25AB3 /* product-future.html */,
				9F6801382E492308001B1067 /* Product.html */,
				9F5835702E4A218F0089ACA3 /* cart.html */,
				9F5835712E4A21A40089ACA3 /* checkout.html */,
				9F5835722E4A6BB00089ACA3 /* danke.html */,
				9F5835752E4C794B0089ACA3 /* register.html */,
				5C8C47D62E9FB2880094B409 /* account.html */,
				9F5835762E4C79730089ACA3 /* login.html */,
				9F6801392E492316001B1067 /* Js.product.js */,
				9F5835742E4C69230089ACA3 /* cart.js */,
				9F68013A2E49231B001B1067 /* Js:admin.js */,
				9F68013B2E49231F001B1067 /* Js:script.js */,
				9FA58FAF2E4DB80A00CECC01 /* videos */,
				9F68013C2E49E921001B1067 /* images */,
			);
			sourceTree = "<group>";
		};
/* End PBXGroup section */

/* Begin PBXProject section */
		9F68011B2E48CC47001B1067 /* Project object */ = {
			isa = PBXProject;
			attributes = {
				BuildIndependentTargetsInParallel = 1;
				LastUpgradeCheck = 1420;
			};
			buildConfigurationList = 9F68011E2E48CC47001B1067 /* Build configuration list for PBXProject "werbseite" */;
			compatibilityVersion = "Xcode 14.0";
			developmentRegion = en;
			hasScannedForEncodings = 0;
			knownRegions = (
				en,
				Base,
			);
			mainGroup = 9F68011A2E48CC47001B1067;
			projectDirPath = "";
			projectRoot = "";
			targets = (
			);
		};
/* End PBXProject section */

/* Begin XCBuildConfiguration section */
		9F68011F2E48CC47001B1067 /* Debug */ = {
			isa = XCBuildConfiguration;
			buildSettings = {
			};
			name = Debug;
		};
		9F6801202E48CC47001B1067 /* Release */ = {
			isa = XCBuildConfiguration;
			buildSettings = {
			};
			name = Release;
		};
/* End XCBuildConfiguration section */

/* Begin XCConfigurationList section */
		9F68011E2E48CC47001B1067 /* Build configuration list for PBXProject "werbseite" */ = {
			isa = XCConfigurationList;
			buildConfigurations = (
				9F68011F2E48CC47001B1067 /* Debug */,
				9F6801202E48CC47001B1067 /* Release */,
			);
			defaultConfigurationIsVisible = 0;
			defaultConfigurationName = Release;
		};
/* End XCConfigurationList section */
	};
	rootObject = 9F68011B2E48CC47001B1067 /* Project object */;
}
